
Microsoft Visual Studio Solution File, Format Version 12.00
# Visual Studio 15
VisualStudioVersion = 15.0.28307.572
MinimumVisualStudioVersion = 10.0.40219.1
Project("{FAE04EC0-301F-11D3-BF4B-00C04F79EFBC}") = "Fibcode1", "Fibcode1\Fibcode1.csproj", "{94439D00-704E-43B6-8641-6A8EE1BED17E}"
EndProject
Global
	GlobalSection(SolutionConfigurationPlatforms) = preSolution
		Debug|Any CPU = Debug|Any CPU
		Release|Any CPU = Release|Any CPU
	EndGlobalSection
	GlobalSection(ProjectConfigurationPlatforms) = postSolution
		{94439D00-704E-43B6-8641-6A8EE1BED17E}.Debug|Any CPU.ActiveCfg = Debug|Any CPU
		{94439D00-704E-43B6-8641-6A8EE1BED17E}.Debug|Any CPU.Build.0 = Debug|Any CPU
		{94439D00-704E-43B6-8641-6A8EE1BED17E}.Release|Any CPU.ActiveCfg = Release|Any CPU
		{94439D00-704E-43B6-8641-6A8EE1BED17E}.Release|Any CPU.Build.0 = Release|Any CPU
	EndGlobalSection
	GlobalSection(SolutionProperties) = preSolution
		HideSolutionNode = FALSE
	EndGlobalSection
	GlobalSection(ExtensibilityGlobals) = postSolution
		SolutionGuid = {E367CB48-ECF7-467A-8700-2871368B0891}
	EndGlobalSection
EndGlobal
